// !$*UTF8*$!
{
	archiveVersion = 1;
	classes = {
	};
	objectVersion = 50;
	objects = {

/* Begin PBXBuildFile section */
		00071848225E1C7300C43694 /* Dynamic Array.cpp in Sources */ = {isa = PBXBuildFile; fileRef = 00071846225E1C7300C43694 /* Dynamic Array.cpp */; };
		0007184A225E42DB00C43694 /* Point.cpp in Sources */ = {isa = PBXBuildFile; fileRef = 00071849225E42DB00C43694 /* Point.cpp */; };
		000723152280AA3800BBCA0F /* Duelist.cpp in Sources */ = {isa = PBXBuildFile; fileRef = 000723132280AA3800BBCA0F /* Duelist.cpp */; };
		001E958F226EF8C7006729C8 /* Deck.cpp in Sources */ = {isa = PBXBuildFile; fileRef = 001E958D226EF8C7006729C8 /* Deck.cpp */; };
		001E95922270933A006729C8 /* Plane.cpp in Sources */ = {isa = PBXBuildFile; fileRef = 001E95902270933A006729C8 /* Plane.cpp */; };
		002D266B22523B96001BBF26 /* Date.cpp in Sources */ = {isa = PBXBuildFile; fileRef = 002D266922523B96001BBF26 /* Date.cpp */; };
		00401B7B2265ECBD001A2439 /* Text_file.cpp in Sources */ = {isa = PBXBuildFile; fileRef = 00401B7A2265ECBD001A2439 /* Text_file.cpp */; };
		00401B7E22675312001A2439 /* FilmStar.cpp in Sources */ = {isa = PBXBuildFile; fileRef = 00401B7C22675312001A2439 /* FilmStar.cpp */; };
		00401B8022675678001A2439 /* FilmStar_demo.cpp in Sources */ = {isa = PBXBuildFile; fileRef = 00401B7F22675678001A2439 /* FilmStar_demo.cpp */; };
		00401B8222678F4A001A2439 /* main.cpp in Sources */ = {isa = PBXBuildFile; fileRef = 00401B8122678F4A001A2439 /* main.cpp */; };
		00A002B6225E772C00D4239E /* Student_struct.cpp in Sources */ = {isa = PBXBuildFile; fileRef = 00A002B5225E772C00D4239E /* Student_struct.cpp */; };
		00B24C9B226D053500F8B422 /* Card.cpp in Sources */ = {isa = PBXBuildFile; fileRef = 00B24C99226D053500F8B422 /* Card.cpp */; };
		00D59E0D224BB214005EB1EE /* Clock.cpp in Sources */ = {isa = PBXBuildFile; fileRef = 00D59E0B224BB214005EB1EE /* Clock.cpp */; };
		00F0345522857F9B00A778E2 /* ProblemSolvingTest-workWithFiles.cpp in Sources */ = {isa = PBXBuildFile; fileRef = 00F0345422857F9B00A778E2 /* ProblemSolvingTest-workWithFiles.cpp */; };
/* End PBXBuildFile section */

/* Begin PBXCopyFilesBuildPhase section */
		00F17A452226C84F00C5301B /* CopyFiles */ = {
			isa = PBXCopyFilesBuildPhase;
			buildActionMask = 2147483647;
			dstPath = /usr/share/man/man1/;
			dstSubfolderSpec = 0;
			files = (
			);
			runOnlyForDeploymentPostprocessing = 1;
		};
/* End PBXCopyFilesBuildPhase section */

/* Begin PBXFileReference section */
		00071846225E1C7300C43694 /* Dynamic Array.cpp */ = {isa = PBXFileReference; lastKnownFileType = sourcecode.cpp.cpp; path = "Dynamic Array.cpp"; sourceTree = "<group>"; };
		00071847225E1C7300C43694 /* Dynamic Array.h */ = {isa = PBXFileReference; lastKnownFileType = sourcecode.c.h; path = "Dynamic Array.h"; sourceTree = "<group>"; };
		00071849225E42DB00C43694 /* Point.cpp */ = {isa = PBXFileReference; lastKnownFileType = sourcecode.cpp.cpp; path = Point.cpp; sourceTree = "<group>"; };
		000723132280AA3800BBCA0F /* Duelist.cpp */ = {isa = PBXFileReference; lastKnownFileType = sourcecode.cpp.cpp; path = Duelist.cpp; sourceTree = "<group>"; };
		000723142280AA3800BBCA0F /* Duelist.h */ = {isa = PBXFileReference; lastKnownFileType = sourcecode.c.h; path = Duelist.h; sourceTree = "<group>"; };
		001E958D226EF8C7006729C8 /* Deck.cpp */ = {isa = PBXFileReference; lastKnownFileType = sourcecode.cpp.cpp; path = Deck.cpp; sourceTree = "<group>"; };
		001E958E226EF8C7006729C8 /* Deck.h */ = {isa = PBXFileReference; lastKnownFileType = sourcecode.c.h; path = Deck.h; sourceTree = "<group>"; };
		001E95902270933A006729C8 /* Plane.cpp */ = {isa = PBXFileReference; lastKnownFileType = sourcecode.cpp.cpp; path = Plane.cpp; sourceTree = "<group>"; };
		001E95912270933A006729C8 /* Plane.h */ = {isa = PBXFileReference; lastKnownFileType = sourcecode.c.h; path = Plane.h; sourceTree = "<group>"; };
		002D266922523B96001BBF26 /* Date.cpp */ = {isa = PBXFileReference; lastKnownFileType = sourcecode.cpp.cpp; path = Date.cpp; sourceTree = "<group>"; };
		002D266A22523B96001BBF26 /* Date.h */ = {isa = PBXFileReference; lastKnownFileType = sourcecode.c.h; path = Date.h; sourceTree = "<group>"; };
		00401B7A2265ECBD001A2439 /* Text_file.cpp */ = {isa = PBXFileReference; lastKnownFileType = sourcecode.cpp.cpp; path = Text_file.cpp; sourceTree = "<group>"; };
		00401B7C22675312001A2439 /* FilmStar.cpp */ = {isa = PBXFileReference; lastKnownFileType = sourcecode.cpp.cpp; path = FilmStar.cpp; sourceTree = "<group>"; };
		00401B7D22675312001A2439 /* FilmStar.h */ = {isa = PBXFileReference; lastKnownFileType = sourcecode.c.h; path = FilmStar.h; sourceTree = "<group>"; };
		00401B7F22675678001A2439 /* FilmStar_demo.cpp */ = {isa = PBXFileReference; lastKnownFileType = sourcecode.cpp.cpp; path = FilmStar_demo.cpp; sourceTree = "<group>"; };
		00401B8122678F4A001A2439 /* main.cpp */ = {isa = PBXFileReference; fileEncoding = 4; lastKnownFileType = sourcecode.cpp.cpp; path = main.cpp; sourceTree = "<group>"; };
		00A002B5225E772C00D4239E /* Student_struct.cpp */ = {isa = PBXFileReference; lastKnownFileType = sourcecode.cpp.cpp; path = Student_struct.cpp; sourceTree = "<group>"; };
		00B24C99226D053500F8B422 /* Card.cpp */ = {isa = PBXFileReference; lastKnownFileType = sourcecode.cpp.cpp; path = Card.cpp; sourceTree = "<group>"; };
		00B24C9A226D053500F8B422 /* Card.h */ = {isa = PBXFileReference; lastKnownFileType = sourcecode.c.h; path = Card.h; sourceTree = "<group>"; };
		00D59E0B224BB214005EB1EE /* Clock.cpp */ = {isa = PBXFileReference; lastKnownFileType = sourcecode.cpp.cpp; path = Clock.cpp; sourceTree = "<group>"; };
		00D59E0C224BB214005EB1EE /* Clock.h */ = {isa = PBXFileReference; lastKnownFileType = sourcecode.c.h; path = Clock.h; sourceTree = "<group>"; };
		00F0345422857F9B00A778E2 /* ProblemSolvingTest-workWithFiles.cpp */ = {isa = PBXFileReference; lastKnownFileType = sourcecode.cpp.cpp; path = "ProblemSolvingTest-workWithFiles.cpp"; sourceTree = "<group>"; };
		00F17A472226C84F00C5301B /* OOP Practices */ = {isa = PBXFileReference; explicitFileType = "compiled.mach-o.executable"; includeInIndex = 0; path = "OOP Practices"; sourceTree = BUILT_PRODUCTS_DIR; };
/* End PBXFileReference section */

/* Begin PBXFrameworksBuildPhase section */
		00F17A442226C84F00C5301B /* Frameworks */ = {
			isa = PBXFrameworksBuildPhase;
			buildActionMask = 2147483647;
			files = (
			);
			runOnlyForDeploymentPostprocessing = 0;
		};
/* End PBXFrameworksBuildPhase section */

/* Begin PBXGroup section */
		00F17A3E2226C84F00C5301B = {
			isa = PBXGroup;
			children = (
				00F17A492226C84F00C5301B /* OOP Practices */,
				00F17A482226C84F00C5301B /* Products */,
			);
			sourceTree = "<group>";
		};
		00F17A482226C84F00C5301B /* Products */ = {
			isa = PBXGroup;
			children = (
				00F17A472226C84F00C5301B /* OOP Practices */,
			);
			name = Products;
			sourceTree = "<group>";
		};
		00F17A492226C84F00C5301B /* OOP Practices */ = {
			isa = PBXGroup;
			children = (
				001E95902270933A006729C8 /* Plane.cpp */,
				001E95912270933A006729C8 /* Plane.h */,
				00401B8122678F4A001A2439 /* main.cpp */,
				00F0345422857F9B00A778E2 /* ProblemSolvingTest-workWithFiles.cpp */,
				00401B7F22675678001A2439 /* FilmStar_demo.cpp */,
				00401B7C22675312001A2439 /* FilmStar.cpp */,
				00401B7D22675312001A2439 /* FilmStar.h */,
				00401B7A2265ECBD001A2439 /* Text_file.cpp */,
				00D59E0B224BB214005EB1EE /* Clock.cpp */,
				00D59E0C224BB214005EB1EE /* Clock.h */,
				002D266922523B96001BBF26 /* Date.cpp */,
				002D266A22523B96001BBF26 /* Date.h */,
				00071846225E1C7300C43694 /* Dynamic Array.cpp */,
				00071847225E1C7300C43694 /* Dynamic Array.h */,
				00071849225E42DB00C43694 /* Point.cpp */,
				00A002B5225E772C00D4239E /* Student_struct.cpp */,
				00B24C99226D053500F8B422 /* Card.cpp */,
				00B24C9A226D053500F8B422 /* Card.h */,
				001E958D226EF8C7006729C8 /* Deck.cpp */,
				001E958E226EF8C7006729C8 /* Deck.h */,
				000723132280AA3800BBCA0F /* Duelist.cpp */,
				000723142280AA3800BBCA0F /* Duelist.h */,
			);
			path = "OOP Practices";
			sourceTree = "<group>";
		};
/* End PBXGroup section */

/* Begin PBXNativeTarget section */
		00F17A462226C84F00C5301B /* OOP Practices */ = {
			isa = PBXNativeTarget;
			buildConfigurationList = 00F17A4E2226C84F00C5301B /* Build configuration list for PBXNativeTarget "OOP Practices" */;
			buildPhases = (
				00F17A432226C84F00C5301B /* Sources */,
				00F17A442226C84F00C5301B /* Frameworks */,
				00F17A452226C84F00C5301B /* CopyFiles */,
			);
			buildRules = (
			);
			dependencies = (
			);
			name = "OOP Practices";
			productName = "OOP Practices";
			productReference = 00F17A472226C84F00C5301B /* OOP Practices */;
			productType = "com.apple.product-type.tool";
		};
/* End PBXNativeTarget section */

/* Begin PBXProject section */
		00F17A3F2226C84F00C5301B /* Project object */ = {
			isa = PBXProject;
			attributes = {
				LastUpgradeCheck = 1010;
				ORGANIZATIONNAME = "Alexander Kruztev";
				TargetAttributes = {
					00F17A462226C84F00C5301B = {
						CreatedOnToolsVersion = 10.1;
					};
				};
			};
			buildConfigurationList = 00F17A422226C84F00C5301B /* Build configuration list for PBXProject "OOP Practices" */;
			compatibilityVersion = "Xcode 9.3";
			developmentRegion = en;
			hasScannedForEncodings = 0;
			knownRegions = (
				en,
				Base,
			);
			mainGroup = 00F17A3E2226C84F00C5301B;
			productRefGroup = 00F17A482226C84F00C5301B /* Products */;
			projectDirPath = "";
			projectRoot = "";
			targets = (
				00F17A462226C84F00C5301B /* OOP Practices */,
			);
		};
/* End PBXProject section */

/* Begin PBXSourcesBuildPhase section */
		00F17A432226C84F00C5301B /* Sources */ = {
			isa = PBXSourcesBuildPhase;
			buildActionMask = 2147483647;
			files = (
				00401B8222678F4A001A2439 /* main.cpp in Sources */,
				0007184A225E42DB00C43694 /* Point.cpp in Sources */,
				00A002B6225E772C00D4239E /* Student_struct.cpp in Sources */,
				00401B8022675678001A2439 /* FilmStar_demo.cpp in Sources */,
				00401B7B2265ECBD001A2439 /* Text_file.cpp in Sources */,
				00D59E0D224BB214005EB1EE /* Clock.cpp in Sources */,
				001E95922270933A006729C8 /* Plane.cpp in Sources */,
				001E958F226EF8C7006729C8 /* Deck.cpp in Sources */,
				002D266B22523B96001BBF26 /* Date.cpp in Sources */,
				00071848225E1C7300C43694 /* Dynamic Array.cpp in Sources */,
				00401B7E22675312001A2439 /* FilmStar.cpp in Sources */,
				000723152280AA3800BBCA0F /* Duelist.cpp in Sources */,
				00B24C9B226D053500F8B422 /* Card.cpp in Sources */,
				00F0345522857F9B00A778E2 /* ProblemSolvingTest-workWithFiles.cpp in Sources */,
			);
			runOnlyForDeploymentPostprocessing = 0;
		};
/* End PBXSourcesBuildPhase section */

/* Begin XCBuildConfiguration section */
		00F17A4C2226C84F00C5301B /* Debug */ = {
			isa = XCBuildConfiguration;
			buildSettings = {
				ALWAYS_SEARCH_USER_PATHS = NO;
				CLANG_ANALYZER_NONNULL = YES;
				CLANG_ANALYZER_NUMBER_OBJECT_CONVERSION = YES_AGGRESSIVE;
				CLANG_CXX_LANGUAGE_STANDARD = "gnu++14";
				CLANG_CXX_LIBRARY = "libc++";
				CLANG_ENABLE_MODULES = YES;
				CLANG_ENABLE_OBJC_ARC = YES;
				CLANG_ENABLE_OBJC_WEAK = YES;
				CLANG_WARN_BLOCK_CAPTURE_AUTORELEASING = YES;
				CLANG_WARN_BOOL_CONVERSION = YES;
				CLANG_WARN_COMMA = YES;
				CLANG_WARN_CONSTANT_CONVERSION = YES;
				CLANG_WARN_DEPRECATED_OBJC_IMPLEMENTATIONS = YES;
				CLANG_WARN_DIRECT_OBJC_ISA_USAGE = YES_ERROR;
				CLANG_WARN_DOCUMENTATION_COMMENTS = YES;
				CLANG_WARN_EMPTY_BODY = YES;
				CLANG_WARN_ENUM_CONVERSION = YES;
				CLANG_WARN_INFINITE_RECURSION = YES;
				CLANG_WARN_INT_CONVERSION = YES;
				CLANG_WARN_NON_LITERAL_NULL_CONVERSION = YES;
				CLANG_WARN_OBJC_IMPLICIT_RETAIN_SELF = YES;
				CLANG_WARN_OBJC_LITERAL_CONVERSION = YES;
				CLANG_WARN_OBJC_ROOT_CLASS = YES_ERROR;
				CLANG_WARN_RANGE_LOOP_ANALYSIS = YES;
				CLANG_WARN_STRICT_PROTOTYPES = YES;
				CLANG_WARN_SUSPICIOUS_MOVE = YES;
				CLANG_WARN_UNGUARDED_AVAILABILITY = YES_AGGRESSIVE;
				CLANG_WARN_UNREACHABLE_CODE = YES;
				CLANG_WARN__DUPLICATE_METHOD_MATCH = YES;
				CODE_SIGN_IDENTITY = "Mac Developer";
				COPY_PHASE_STRIP = NO;
				DEBUG_INFORMATION_FORMAT = dwarf;
				ENABLE_STRICT_OBJC_MSGSEND = YES;
				ENABLE_TESTABILITY = YES;
				GCC_C_LANGUAGE_STANDARD = gnu11;
				GCC_DYNAMIC_NO_PIC = NO;
				GCC_NO_COMMON_BLOCKS = YES;
				GCC_OPTIMIZATION_LEVEL = 0;
				GCC_PREPROCESSOR_DEFINITIONS = (
					"DEBUG=1",
					"$(inherited)",
				);
				GCC_WARN_64_TO_32_BIT_CONVERSION = YES;
				GCC_WARN_ABOUT_RETURN_TYPE = YES_ERROR;
				GCC_WARN_UNDECLARED_SELECTOR = YES;
				GCC_WARN_UNINITIALIZED_AUTOS = YES_AGGRESSIVE;
				GCC_WARN_UNUSED_FUNCTION = YES;
				GCC_WARN_UNUSED_VARIABLE = YES;
				MACOSX_DEPLOYMENT_TARGET = 10.14;
				MTL_ENABLE_DEBUG_INFO = INCLUDE_SOURCE;
				MTL_FAST_MATH = YES;
				ONLY_ACTIVE_ARCH = YES;
				SDKROOT = macosx;
			};
			name = Debug;
		};
		00F17A4D2226C84F00C5301B /* Release */ = {
			isa = XCBuildConfiguration;
			buildSettings = {
				ALWAYS_SEARCH_USER_PATHS = NO;
				CLANG_ANALYZER_NONNULL = YES;
				CLANG_ANALYZER_NUMBER_OBJECT_CONVERSION = YES_AGGRESSIVE;
				CLANG_CXX_LANGUAGE_STANDARD = "gnu++14";
				CLANG_CXX_LIBRARY = "libc++";
				CLANG_ENABLE_MODULES = YES;
				CLANG_ENABLE_OBJC_ARC = YES;
				CLANG_ENABLE_OBJC_WEAK = YES;
				CLANG_WARN_BLOCK_CAPTURE_AUTORELEASING = YES;
				CLANG_WARN_BOOL_CONVERSION = YES;
				CLANG_WARN_COMMA = YES;
				CLANG_WARN_CONSTANT_CONVERSION = YES;
				CLANG_WARN_DEPRECATED_OBJC_IMPLEMENTATIONS = YES;
				CLANG_WARN_DIRECT_OBJC_ISA_USAGE = YES_ERROR;
				CLANG_WARN_DOCUMENTATION_COMMENTS = YES;
				CLANG_WARN_EMPTY_BODY = YES;
				CLANG_WARN_ENUM_CONVERSION = YES;
				CLANG_WARN_INFINITE_RECURSION = YES;
				CLANG_WARN_INT_CONVERSION = YES;
				CLANG_WARN_NON_LITERAL_NULL_CONVERSION = YES;
				CLANG_WARN_OBJC_IMPLICIT_RETAIN_SELF = YES;
				CLANG_WARN_OBJC_LITERAL_CONVERSION = YES;
				CLANG_WARN_OBJC_ROOT_CLASS = YES_ERROR;
				CLANG_WARN_RANGE_LOOP_ANALYSIS = YES;
				CLANG_WARN_STRICT_PROTOTYPES = YES;
				CLANG_WARN_SUSPICIOUS_MOVE = YES;
				CLANG_WARN_UNGUARDED_AVAILABILITY = YES_AGGRESSIVE;
				CLANG_WARN_UNREACHABLE_CODE = YES;
				CLANG_WARN__DUPLICATE_METHOD_MATCH = YES;
				CODE_SIGN_IDENTITY = "Mac Developer";
				COPY_PHASE_STRIP = NO;
				DEBUG_INFORMATION_FORMAT = "dwarf-with-dsym";
				ENABLE_NS_ASSERTIONS = NO;
				ENABLE_STRICT_OBJC_MSGSEND = YES;
				GCC_C_LANGUAGE_STANDARD = gnu11;
				GCC_NO_COMMON_BLOCKS = YES;
				GCC_WARN_64_TO_32_BIT_CONVERSION = YES;
				GCC_WARN_ABOUT_RETURN_TYPE = YES_ERROR;
				GCC_WARN_UNDECLARED_SELECTOR = YES;
				GCC_WARN_UNINITIALIZED_AUTOS = YES_AGGRESSIVE;
				GCC_WARN_UNUSED_FUNCTION = YES;
				GCC_WARN_UNUSED_VARIABLE = YES;
				MACOSX_DEPLOYMENT_TARGET = 10.14;
				MTL_ENABLE_DEBUG_INFO = NO;
				MTL_FAST_MATH = YES;
				SDKROOT = macosx;
			};
			name = Release;
		};
		00F17A4F2226C84F00C5301B /* Debug */ = {
			isa = XCBuildConfiguration;
			buildSettings = {
				CODE_SIGN_STYLE = Automatic;
				DEVELOPMENT_TEAM = D7ATK688FQ;
				PRODUCT_NAME = "$(TARGET_NAME)";
			};
			name = Debug;
		};
		00F17A502226C84F00C5301B /* Release */ = {
			isa = XCBuildConfiguration;
			buildSettings = {
				CODE_SIGN_STYLE = Automatic;
				DEVELOPMENT_TEAM = D7ATK688FQ;
				PRODUCT_NAME = "$(TARGET_NAME)";
			};
			name = Release;
		};
/* End XCBuildConfiguration section */

/* Begin XCConfigurationList section */
		00F17A422226C84F00C5301B /* Build configuration list for PBXProject "OOP Practices" */ = {
			isa = XCConfigurationList;
			buildConfigurations = (
				00F17A4C2226C84F00C5301B /* Debug */,
				00F17A4D2226C84F00C5301B /* Release */,
			);
			defaultConfigurationIsVisible = 0;
			defaultConfigurationName = Release;
		};
		00F17A4E2226C84F00C5301B /* Build configuration list for PBXNativeTarget "OOP Practices" */ = {
			isa = XCConfigurationList;
			buildConfigurations = (
				00F17A4F2226C84F00C5301B /* Debug */,
				00F17A502226C84F00C5301B /* Release */,
			);
			defaultConfigurationIsVisible = 0;
			defaultConfigurationName = Release;
		};
/* End XCConfigurationList section */
	};
	rootObject = 00F17A3F2226C84F00C5301B /* Project object */;
}
