// !$*UTF8*$!
{
	archiveVersion = 1;
	classes = {
	};
	objectVersion = 50;
	objects = {

/* Begin PBXBuildFile section */
		0031BCD222AE52E60049359C /* main.cpp in Sources */ = {isa = PBXBuildFile; fileRef = 0031BCD122AE52E60049359C /* main.cpp */; };
		0031BCDA22AE53400049359C /* String.cpp in Sources */ = {isa = PBXBuildFile; fileRef = 0031BCD922AE53400049359C /* String.cpp */; };
		0063D19822AE536200C1DE61 /* User.cpp in Sources */ = {isa = PBXBuildFile; fileRef = 0063D19622AE536200C1DE61 /* User.cpp */; };
		0063D19B22AE81A300C1DE61 /* Club.cpp in Sources */ = {isa = PBXBuildFile; fileRef = 0063D19922AE81A300C1DE61 /* Club.cpp */; };
		00E8DFE822AFAE4800603355 /* Clubs.cpp in Sources */ = {isa = PBXBuildFile; fileRef = 00E8DFE622AFAE4800603355 /* Clubs.cpp */; };
/* End PBXBuildFile section */

/* Begin PBXCopyFilesBuildPhase section */
		0031BCCC22AE52E60049359C /* CopyFiles */ = {
			isa = PBXCopyFilesBuildPhase;
			buildActionMask = 2147483647;
			dstPath = /usr/share/man/man1/;
			dstSubfolderSpec = 0;
			files = (
			);
			runOnlyForDeploymentPostprocessing = 1;
		};
/* End PBXCopyFilesBuildPhase section */

/* Begin PBXFileReference section */
		0031BCCE22AE52E60049359C /* DrinkBook */ = {isa = PBXFileReference; explicitFileType = "compiled.mach-o.executable"; includeInIndex = 0; path = DrinkBook; sourceTree = BUILT_PRODUCTS_DIR; };
		0031BCD122AE52E60049359C /* main.cpp */ = {isa = PBXFileReference; lastKnownFileType = sourcecode.cpp.cpp; path = main.cpp; sourceTree = "<group>"; };
		0031BCD822AE53400049359C /* String.h */ = {isa = PBXFileReference; fileEncoding = 4; lastKnownFileType = sourcecode.c.h; path = String.h; sourceTree = "<group>"; };
		0031BCD922AE53400049359C /* String.cpp */ = {isa = PBXFileReference; fileEncoding = 4; lastKnownFileType = sourcecode.cpp.cpp; path = String.cpp; sourceTree = "<group>"; };
		0063D19622AE536200C1DE61 /* User.cpp */ = {isa = PBXFileReference; lastKnownFileType = sourcecode.cpp.cpp; path = User.cpp; sourceTree = "<group>"; };
		0063D19722AE536200C1DE61 /* User.h */ = {isa = PBXFileReference; lastKnownFileType = sourcecode.c.h; path = User.h; sourceTree = "<group>"; };
		0063D19922AE81A300C1DE61 /* Club.cpp */ = {isa = PBXFileReference; lastKnownFileType = sourcecode.cpp.cpp; path = Club.cpp; sourceTree = "<group>"; };
		0063D19A22AE81A300C1DE61 /* Club.h */ = {isa = PBXFileReference; lastKnownFileType = sourcecode.c.h; path = Club.h; sourceTree = "<group>"; };
		00E8DFE522AF92AA00603355 /* TemplateDynamicArray.hpp */ = {isa = PBXFileReference; lastKnownFileType = sourcecode.cpp.h; path = TemplateDynamicArray.hpp; sourceTree = "<group>"; };
		00E8DFE622AFAE4800603355 /* Clubs.cpp */ = {isa = PBXFileReference; lastKnownFileType = sourcecode.cpp.cpp; path = Clubs.cpp; sourceTree = "<group>"; };
		00E8DFE722AFAE4800603355 /* Clubs.h */ = {isa = PBXFileReference; lastKnownFileType = sourcecode.c.h; path = Clubs.h; sourceTree = "<group>"; };
/* End PBXFileReference section */

/* Begin PBXFrameworksBuildPhase section */
		0031BCCB22AE52E60049359C /* Frameworks */ = {
			isa = PBXFrameworksBuildPhase;
			buildActionMask = 2147483647;
			files = (
			);
			runOnlyForDeploymentPostprocessing = 0;
		};
/* End PBXFrameworksBuildPhase section */

/* Begin PBXGroup section */
		0031BCC522AE52E60049359C = {
			isa = PBXGroup;
			children = (
				0031BCD022AE52E60049359C /* DrinkBook */,
				0031BCCF22AE52E60049359C /* Products */,
			);
			sourceTree = "<group>";
		};
		0031BCCF22AE52E60049359C /* Products */ = {
			isa = PBXGroup;
			children = (
				0031BCCE22AE52E60049359C /* DrinkBook */,
			);
			name = Products;
			sourceTree = "<group>";
		};
		0031BCD022AE52E60049359C /* DrinkBook */ = {
			isa = PBXGroup;
			children = (
				0031BCD122AE52E60049359C /* main.cpp */,
				0063D19622AE536200C1DE61 /* User.cpp */,
				00E8DFE622AFAE4800603355 /* Clubs.cpp */,
				00E8DFE722AFAE4800603355 /* Clubs.h */,
				0063D19722AE536200C1DE61 /* User.h */,
				0063D19922AE81A300C1DE61 /* Club.cpp */,
				0063D19A22AE81A300C1DE61 /* Club.h */,
				0031BCD922AE53400049359C /* String.cpp */,
				0031BCD822AE53400049359C /* String.h */,
				00E8DFE522AF92AA00603355 /* TemplateDynamicArray.hpp */,
			);
			path = DrinkBook;
			sourceTree = "<group>";
		};
/* End PBXGroup section */

/* Begin PBXNativeTarget section */
		0031BCCD22AE52E60049359C /* DrinkBook */ = {
			isa = PBXNativeTarget;
			buildConfigurationList = 0031BCD522AE52E60049359C /* Build configuration list for PBXNativeTarget "DrinkBook" */;
			buildPhases = (
				0031BCCA22AE52E60049359C /* Sources */,
				0031BCCB22AE52E60049359C /* Frameworks */,
				0031BCCC22AE52E60049359C /* CopyFiles */,
			);
			buildRules = (
			);
			dependencies = (
			);
			name = DrinkBook;
			productName = DrinkBook;
			productReference = 0031BCCE22AE52E60049359C /* DrinkBook */;
			productType = "com.apple.product-type.tool";
		};
/* End PBXNativeTarget section */

/* Begin PBXProject section */
		0031BCC622AE52E60049359C /* Project object */ = {
			isa = PBXProject;
			attributes = {
				LastUpgradeCheck = 1020;
				ORGANIZATIONNAME = "Alexander Kruztev";
				TargetAttributes = {
					0031BCCD22AE52E60049359C = {
						CreatedOnToolsVersion = 10.2.1;
					};
				};
			};
			buildConfigurationList = 0031BCC922AE52E60049359C /* Build configuration list for PBXProject "DrinkBook" */;
			compatibilityVersion = "Xcode 9.3";
			developmentRegion = en;
			hasScannedForEncodings = 0;
			knownRegions = (
				en,
			);
			mainGroup = 0031BCC522AE52E60049359C;
			productRefGroup = 0031BCCF22AE52E60049359C /* Products */;
			projectDirPath = "";
			projectRoot = "";
			targets = (
				0031BCCD22AE52E60049359C /* DrinkBook */,
			);
		};
/* End PBXProject section */

/* Begin PBXSourcesBuildPhase section */
		0031BCCA22AE52E60049359C /* Sources */ = {
			isa = PBXSourcesBuildPhase;
			buildActionMask = 2147483647;
			files = (
				00E8DFE822AFAE4800603355 /* Clubs.cpp in Sources */,
				0063D19822AE536200C1DE61 /* User.cpp in Sources */,
				0031BCDA22AE53400049359C /* String.cpp in Sources */,
				0031BCD222AE52E60049359C /* main.cpp in Sources */,
				0063D19B22AE81A300C1DE61 /* Club.cpp in Sources */,
			);
			runOnlyForDeploymentPostprocessing = 0;
		};
/* End PBXSourcesBuildPhase section */

/* Begin XCBuildConfiguration section */
		0031BCD322AE52E60049359C /* Debug */ = {
			isa = XCBuildConfiguration;
			buildSettings = {
				ALWAYS_SEARCH_USER_PATHS = NO;
				CLANG_ANALYZER_NONNULL = YES;
				CLANG_ANALYZER_NUMBER_OBJECT_CONVERSION = YES_AGGRESSIVE;
				CLANG_CXX_LANGUAGE_STANDARD = "gnu++14";
				CLANG_CXX_LIBRARY = "libc++";
				CLANG_ENABLE_MODULES = YES;
				CLANG_ENABLE_OBJC_ARC = YES;
				CLANG_ENABLE_OBJC_WEAK = YES;
				CLANG_WARN_BLOCK_CAPTURE_AUTORELEASING = YES;
				CLANG_WARN_BOOL_CONVERSION = YES;
				CLANG_WARN_COMMA = YES;
				CLANG_WARN_CONSTANT_CONVERSION = YES;
				CLANG_WARN_DEPRECATED_OBJC_IMPLEMENTATIONS = YES;
				CLANG_WARN_DIRECT_OBJC_ISA_USAGE = YES_ERROR;
				CLANG_WARN_DOCUMENTATION_COMMENTS = YES;
				CLANG_WARN_EMPTY_BODY = YES;
				CLANG_WARN_ENUM_CONVERSION = YES;
				CLANG_WARN_INFINITE_RECURSION = YES;
				CLANG_WARN_INT_CONVERSION = YES;
				CLANG_WARN_NON_LITERAL_NULL_CONVERSION = YES;
				CLANG_WARN_OBJC_IMPLICIT_RETAIN_SELF = YES;
				CLANG_WARN_OBJC_LITERAL_CONVERSION = YES;
				CLANG_WARN_OBJC_ROOT_CLASS = YES_ERROR;
				CLANG_WARN_RANGE_LOOP_ANALYSIS = YES;
				CLANG_WARN_STRICT_PROTOTYPES = YES;
				CLANG_WARN_SUSPICIOUS_MOVE = YES;
				CLANG_WARN_UNGUARDED_AVAILABILITY = YES_AGGRESSIVE;
				CLANG_WARN_UNREACHABLE_CODE = YES;
				CLANG_WARN__DUPLICATE_METHOD_MATCH = YES;
				CODE_SIGN_IDENTITY = "Mac Developer";
				COPY_PHASE_STRIP = NO;
				DEBUG_INFORMATION_FORMAT = dwarf;
				ENABLE_STRICT_OBJC_MSGSEND = YES;
				ENABLE_TESTABILITY = YES;
				GCC_C_LANGUAGE_STANDARD = gnu11;
				GCC_DYNAMIC_NO_PIC = NO;
				GCC_NO_COMMON_BLOCKS = YES;
				GCC_OPTIMIZATION_LEVEL = 0;
				GCC_PREPROCESSOR_DEFINITIONS = (
					"DEBUG=1",
					"$(inherited)",
				);
				GCC_WARN_64_TO_32_BIT_CONVERSION = YES;
				GCC_WARN_ABOUT_RETURN_TYPE = YES_ERROR;
				GCC_WARN_UNDECLARED_SELECTOR = YES;
				GCC_WARN_UNINITIALIZED_AUTOS = YES_AGGRESSIVE;
				GCC_WARN_UNUSED_FUNCTION = YES;
				GCC_WARN_UNUSED_VARIABLE = YES;
				MACOSX_DEPLOYMENT_TARGET = 10.14;
				MTL_ENABLE_DEBUG_INFO = INCLUDE_SOURCE;
				MTL_FAST_MATH = YES;
				ONLY_ACTIVE_ARCH = YES;
				SDKROOT = macosx;
			};
			name = Debug;
		};
		0031BCD422AE52E60049359C /* Release */ = {
			isa = XCBuildConfiguration;
			buildSettings = {
				ALWAYS_SEARCH_USER_PATHS = NO;
				CLANG_ANALYZER_NONNULL = YES;
				CLANG_ANALYZER_NUMBER_OBJECT_CONVERSION = YES_AGGRESSIVE;
				CLANG_CXX_LANGUAGE_STANDARD = "gnu++14";
				CLANG_CXX_LIBRARY = "libc++";
				CLANG_ENABLE_MODULES = YES;
				CLANG_ENABLE_OBJC_ARC = YES;
				CLANG_ENABLE_OBJC_WEAK = YES;
				CLANG_WARN_BLOCK_CAPTURE_AUTORELEASING = YES;
				CLANG_WARN_BOOL_CONVERSION = YES;
				CLANG_WARN_COMMA = YES;
				CLANG_WARN_CONSTANT_CONVERSION = YES;
				CLANG_WARN_DEPRECATED_OBJC_IMPLEMENTATIONS = YES;
				CLANG_WARN_DIRECT_OBJC_ISA_USAGE = YES_ERROR;
				CLANG_WARN_DOCUMENTATION_COMMENTS = YES;
				CLANG_WARN_EMPTY_BODY = YES;
				CLANG_WARN_ENUM_CONVERSION = YES;
				CLANG_WARN_INFINITE_RECURSION = YES;
				CLANG_WARN_INT_CONVERSION = YES;
				CLANG_WARN_NON_LITERAL_NULL_CONVERSION = YES;
				CLANG_WARN_OBJC_IMPLICIT_RETAIN_SELF = YES;
				CLANG_WARN_OBJC_LITERAL_CONVERSION = YES;
				CLANG_WARN_OBJC_ROOT_CLASS = YES_ERROR;
				CLANG_WARN_RANGE_LOOP_ANALYSIS = YES;
				CLANG_WARN_STRICT_PROTOTYPES = YES;
				CLANG_WARN_SUSPICIOUS_MOVE = YES;
				CLANG_WARN_UNGUARDED_AVAILABILITY = YES_AGGRESSIVE;
				CLANG_WARN_UNREACHABLE_CODE = YES;
				CLANG_WARN__DUPLICATE_METHOD_MATCH = YES;
				CODE_SIGN_IDENTITY = "Mac Developer";
				COPY_PHASE_STRIP = NO;
				DEBUG_INFORMATION_FORMAT = "dwarf-with-dsym";
				ENABLE_NS_ASSERTIONS = NO;
				ENABLE_STRICT_OBJC_MSGSEND = YES;
				GCC_C_LANGUAGE_STANDARD = gnu11;
				GCC_NO_COMMON_BLOCKS = YES;
				GCC_WARN_64_TO_32_BIT_CONVERSION = YES;
				GCC_WARN_ABOUT_RETURN_TYPE = YES_ERROR;
				GCC_WARN_UNDECLARED_SELECTOR = YES;
				GCC_WARN_UNINITIALIZED_AUTOS = YES_AGGRESSIVE;
				GCC_WARN_UNUSED_FUNCTION = YES;
				GCC_WARN_UNUSED_VARIABLE = YES;
				MACOSX_DEPLOYMENT_TARGET = 10.14;
				MTL_ENABLE_DEBUG_INFO = NO;
				MTL_FAST_MATH = YES;
				SDKROOT = macosx;
			};
			name = Release;
		};
		0031BCD622AE52E60049359C /* Debug */ = {
			isa = XCBuildConfiguration;
			buildSettings = {
				CODE_SIGN_STYLE = Automatic;
				DEVELOPMENT_TEAM = D7ATK688FQ;
				PRODUCT_NAME = "$(TARGET_NAME)";
			};
			name = Debug;
		};
		0031BCD722AE52E60049359C /* Release */ = {
			isa = XCBuildConfiguration;
			buildSettings = {
				CODE_SIGN_STYLE = Automatic;
				DEVELOPMENT_TEAM = D7ATK688FQ;
				PRODUCT_NAME = "$(TARGET_NAME)";
			};
			name = Release;
		};
/* End XCBuildConfiguration section */

/* Begin XCConfigurationList section */
		0031BCC922AE52E60049359C /* Build configuration list for PBXProject "DrinkBook" */ = {
			isa = XCConfigurationList;
			buildConfigurations = (
				0031BCD322AE52E60049359C /* Debug */,
				0031BCD422AE52E60049359C /* Release */,
			);
			defaultConfigurationIsVisible = 0;
			defaultConfigurationName = Release;
		};
		0031BCD522AE52E60049359C /* Build configuration list for PBXNativeTarget "DrinkBook" */ = {
			isa = XCConfigurationList;
			buildConfigurations = (
				0031BCD622AE52E60049359C /* Debug */,
				0031BCD722AE52E60049359C /* Release */,
			);
			defaultConfigurationIsVisible = 0;
			defaultConfigurationName = Release;
		};
/* End XCConfigurationList section */
	};
	rootObject = 0031BCC622AE52E60049359C /* Project object */;
}
